
Microsoft Visual Studio Solution File, Format Version 12.00
# Visual Studio Version 17
VisualStudioVersion = 17.1.32210.238
MinimumVisualStudioVersion = 10.0.40219.1
Project("{FAE04EC0-301F-11D3-BF4B-00C04F79EFBC}") = "UserRegistration", "UserRegistration\UserRegistration.csproj", "{CE39FA3D-62D7-458F-AA7D-B9F9B89A2572}"
EndProject
Global
	GlobalSection(SolutionConfigurationPlatforms) = preSolution
		Debug|Any CPU = Debug|Any CPU
		Release|Any CPU = Release|Any CPU
	EndGlobalSection
	GlobalSection(ProjectConfigurationPlatforms) = postSolution
		{CE39FA3D-62D7-458F-AA7D-B9F9B89A2572}.Debug|Any CPU.ActiveCfg = Debug|Any CPU
		{CE39FA3D-62D7-458F-AA7D-B9F9B89A2572}.Debug|Any CPU.Build.0 = Debug|Any CPU
		{CE39FA3D-62D7-458F-AA7D-B9F9B89A2572}.Release|Any CPU.ActiveCfg = Release|Any CPU
		{CE39FA3D-62D7-458F-AA7D-B9F9B89A2572}.Release|Any CPU.Build.0 = Release|Any CPU
	EndGlobalSection
	GlobalSection(SolutionProperties) = preSolution
		HideSolutionNode = FALSE
	EndGlobalSection
	GlobalSection(ExtensibilityGlobals) = postSolution
		SolutionGuid = {CC2364EA-65BC-4465-B8A8-EA23742F61E0}
	EndGlobalSection
EndGlobal
